
Microsoft Visual Studio Solution File, Format Version 12.00
# Visual Studio Version 17
VisualStudioVersion = 17.4.33205.214
MinimumVisualStudioVersion = 10.0.40219.1
Project("{8BC9CEB8-8B4A-11D0-8D11-00A0C91BC942}") = "ParticleExercise", "ParticleExercise\ParticleExercise.vcxproj", "{4C109260-2FAA-4838-BBB3-6C610F1DC750}"
	ProjectSection(ProjectDependencies) = postProject
		{A4B6AC6C-FAF2-4089-ADC7-EC05F6837EBE} = {A4B6AC6C-FAF2-4089-ADC7-EC05F6837EBE}
	EndProjectSection
EndProject
Project("{8BC9CEB8-8B4A-11D0-8D11-00A0C91BC942}") = "SandboxCore", "SandboxCore\SandboxCore.vcxproj", "{A4B6AC6C-FAF2-4089-ADC7-EC05F6837EBE}"
EndProject
Global
	GlobalSection(SolutionConfigurationPlatforms) = preSolution
		Debug|x64 = Debug|x64
		Debug|x86 = Debug|x86
		Release|x64 = Release|x64
		Release|x86 = Release|x86
	EndGlobalSection
	GlobalSection(ProjectConfigurationPlatforms) = postSolution
		{4C109260-2FAA-4838-BBB3-6C610F1DC750}.Debug|x64.ActiveCfg = Debug|x64
		{4C109260-2FAA-4838-BBB3-6C610F1DC750}.Debug|x64.Build.0 = Debug|x64
		{4C109260-2FAA-4838-BBB3-6C610F1DC750}.Debug|x86.ActiveCfg = Debug|Win32
		{4C109260-2FAA-4838-BBB3-6C610F1DC750}.Debug|x86.Build.0 = Debug|Win32
		{4C109260-2FAA-4838-BBB3-6C610F1DC750}.Release|x64.ActiveCfg = Release|x64
		{4C109260-2FAA-4838-BBB3-6C610F1DC750}.Release|x64.Build.0 = Release|x64
		{4C109260-2FAA-4838-BBB3-6C610F1DC750}.Release|x86.ActiveCfg = Release|Win32
		{4C109260-2FAA-4838-BBB3-6C610F1DC750}.Release|x86.Build.0 = Release|Win32
		{A4B6AC6C-FAF2-4089-ADC7-EC05F6837EBE}.Debug|x64.ActiveCfg = Debug|x64
		{A4B6AC6C-FAF2-4089-ADC7-EC05F6837EBE}.Debug|x64.Build.0 = Debug|x64
		{A4B6AC6C-FAF2-4089-ADC7-EC05F6837EBE}.Debug|x86.ActiveCfg = Debug|Win32
		{A4B6AC6C-FAF2-4089-ADC7-EC05F6837EBE}.Debug|x86.Build.0 = Debug|Win32
		{A4B6AC6C-FAF2-4089-ADC7-EC05F6837EBE}.Release|x64.ActiveCfg = Release|x64
		{A4B6AC6C-FAF2-4089-ADC7-EC05F6837EBE}.Release|x64.Build.0 = Release|x64
		{A4B6AC6C-FAF2-4089-ADC7-EC05F6837EBE}.Release|x86.ActiveCfg = Release|Win32
		{A4B6AC6C-FAF2-4089-ADC7-EC05F6837EBE}.Release|x86.Build.0 = Release|Win32
	EndGlobalSection
	GlobalSection(SolutionProperties) = preSolution
		HideSolutionNode = FALSE
	EndGlobalSection
	GlobalSection(ExtensibilityGlobals) = postSolution
		SolutionGuid = {84209ADB-1ED4-4343-9B52-1E6BB051F9F0}
	EndGlobalSection
EndGlobal
