<?xml version="1.0" encoding="utf-8"?>
<Project ToolsVersion="4.0" xmlns="http://schemas.microsoft.com/developer/msbuild/2003">
  <ItemGroup>
    <Filter Include="Source Files">
      <UniqueIdentifier>{4FC737F1-C7A5-4376-A066-2A32D752A2FF}</UniqueIdentifier>
      <Extensions>cpp;c;cc;cxx;c++;cppm;ixx;def;odl;idl;hpj;bat;asm;asmx</Extensions>
    </Filter>
    <Filter Include="Header Files">
      <UniqueIdentifier>{93995380-89BD-4b04-88EB-625FBE52EBFB}</UniqueIdentifier>
      <Extensions>h;hh;hpp;hxx;h++;hm;inl;inc;ipp;xsd</Extensions>
    </Filter>
    <Filter Include="Resource Files">
      <UniqueIdentifier>{67DA6AB6-F800-4c08-8B7A-83BB121AAD01}</UniqueIdentifier>
      <Extensions>rc;ico;cur;bmp;dlg;rc2;rct;bin;rgs;gif;jpg;jpeg;jpe;resx;tiff;tif;png;wav;mfcribbon-ms</Extensions>
    </Filter>
    <Filter Include="Header Files\Core">
      <UniqueIdentifier>{1ce6bf9c-17f1-44c0-987c-ac400c3d8b9d}</UniqueIdentifier>
    </Filter>
    <Filter Include="Source Files\Core">
      <UniqueIdentifier>{28440828-d64f-4a55-83d5-b09dda814b64}</UniqueIdentifier>
    </Filter>
    <Filter Include="Source Files\glad">
      <UniqueIdentifier>{df520e76-b7f6-4232-8757-b749b7758aa5}</UniqueIdentifier>
    </Filter>
    <Filter Include="Header Files\Core\Renderer">
      <UniqueIdentifier>{492be4ab-4321-4247-a21e-cb8d0e840e7a}</UniqueIdentifier>
    </Filter>
    <Filter Include="Source Files\Core\Renderer">
      <UniqueIdentifier>{9043ffe7-9b7b-4f6a-818f-2e121269d3c5}</UniqueIdentifier>
    </Filter>
    <Filter Include="Header Files\Misc">
      <UniqueIdentifier>{9932fb3e-54ba-4f65-a403-a0abf7150cd7}</UniqueIdentifier>
    </Filter>
    <Filter Include="Source Files\Core\Misc">
      <UniqueIdentifier>{d41b3714-91c4-4a53-920b-3791fa877e40}</UniqueIdentifier>
    </Filter>
    <Filter Include="Source Files\Core\Common">
      <UniqueIdentifier>{a3a35463-0bb1-4055-a589-6b013fbf1ad0}</UniqueIdentifier>
    </Filter>
    <Filter Include="Header Files\Common">
      <UniqueIdentifier>{2fe5b9a2-4a56-451c-bddb-e2290a3a3818}</UniqueIdentifier>
    </Filter>
  </ItemGroup>
  <ItemGroup>
    <ClInclude Include="..\common\SceneBase.h">
      <Filter>Header Files\Common</Filter>
    </ClInclude>
    <ClInclude Include="..\common\Camera.h">
      <Filter>Header Files\Common</Filter>
    </ClInclude>
    <ClInclude Include="..\core\renderer\OpenGLDebug.h">
      <Filter>Header Files\Core\Renderer</Filter>
    </ClInclude>
    <ClInclude Include="..\core\renderer\OpenGLTexture.h">
      <Filter>Header Files\Core\Renderer</Filter>
    </ClInclude>
    <ClInclude Include="..\core\renderer\ParticleSystem.h">
      <Filter>Header Files\Core\Renderer</Filter>
    </ClInclude>
    <ClInclude Include="..\core\renderer\ParticleUtil.h">
      <Filter>Header Files\Core\Renderer</Filter>
    </ClInclude>
    <ClInclude Include="..\core\renderer\ShaderProgram.h">
      <Filter>Header Files\Core\Renderer</Filter>
    </ClInclude>
    <ClInclude Include="..\common\RNG.h">
      <Filter>Header Files\Misc</Filter>
    </ClInclude>
  </ItemGroup>
  <ItemGroup>
    <ClCompile Include="..\external\src\glad.c">
      <Filter>Source Files\glad</Filter>
    </ClCompile>
    <ClCompile Include="..\common\Camera.cpp">
      <Filter>Source Files\Core\Common</Filter>
    </ClCompile>
    <ClCompile Include="..\core\renderer\OpenGLDebug.cpp">
      <Filter>Source Files\Core\Renderer</Filter>
    </ClCompile>
    <ClCompile Include="..\core\renderer\OpenGLTexture.cpp">
      <Filter>Source Files\Core\Renderer</Filter>
    </ClCompile>
    <ClCompile Include="..\core\renderer\ParticleSystem.cpp">
      <Filter>Source Files\Core\Renderer</Filter>
    </ClCompile>
    <ClCompile Include="..\core\renderer\ShaderProgram.cpp">
      <Filter>Source Files\Core\Renderer</Filter>
    </ClCompile>
    <ClCompile Include="..\common\RNG.cpp">
      <Filter>Source Files\Core\Misc</Filter>
    </ClCompile>
  </ItemGroup>
</Project>